# This file is autogenerated, do not edit; changes may be undone by the next 'dep ensure'.


[[projects]]
  branch = "master"
  name = "github.com/gin-contrib/sse"
  packages = ["."]
  revision = "22d885f9ecc78bf4ee5d72b937e4bbcdc58e8cae"

[[projects]]
  name = "github.com/gin-gonic/gin"
  packages = [
    ".",
    "binding",
    "render"
  ]
  revision = "d459835d2b077e44f7c9b453505ee29881d5d12d"
  version = "v1.2"

[[projects]]
  name = "github.com/golang/protobuf"
  packages = ["proto"]
  revision = "925541529c1fa6821df4e44ce2723319eb2be768"
  version = "v1.0.0"

[[projects]]
  name = "github.com/mattn/go-isatty"
  packages = ["."]
  revision = "0360b2af4f38e8d38c7fce2a9f4e702702d73a39"
  version = "v0.0.3"

[[projects]]
  branch = "custom_output_formatter"
  name = "github.com/rakyll/hey"
  packages = ["requester"]
  revision = "fbb8d2ef47786292181d14a4de8c033a94c93db0"
  source = "github.com/kpacha/hey"

[[projects]]
  name = "github.com/ugorji/go"
  packages = ["codec"]
  revision = "9831f2c3ac1068a78f50999a30db84270f647af6"
  version = "v1.1"

[[projects]]
  branch = "master"
  name = "golang.org/x/net"
  packages = [
    "http2",
    "http2/hpack",
    "idna",
    "lex/httplex"
  ]
  revision = "cbe0f9307d0156177f9dd5dc85da1a31abc5f2fb"

[[projects]]
  branch = "master"
  name = "golang.org/x/sys"
  packages = ["unix"]
  revision = "f6cff0780e542efa0c8e864dc8fa522808f6a598"

[[projects]]
  name = "golang.org/x/text"
  packages = [
    "collate",
    "collate/build",
    "internal/colltab",
    "internal/gen",
    "internal/tag",
    "internal/triegen",
    "internal/ucd",
    "language",
    "secure/bidirule",
    "transform",
    "unicode/bidi",
    "unicode/cldr",
    "unicode/norm",
    "unicode/rangetable"
  ]
  revision = "f21a4dfb5e38f5895301dc265a8def02365cc3d0"
  version = "v0.3.0"

[[projects]]
  name = "gopkg.in/go-playground/validator.v8"
  packages = ["."]
  revision = "5f1438d3fca68893a817e4a66806cea46a9e4ebf"
  version = "v8.18.2"

[[projects]]
  name = "gopkg.in/yaml.v2"
  packages = ["."]
  revision = "7f97868eec74b32b0982dd158a51a446d1da7eb5"
  version = "v2.1.1"

[solve-meta]
  analyzer-name = "dep"
  analyzer-version = 1
  inputs-digest = "f56a49ebfb1cbcdf6aaf7aca3eac4224d381f5f6db220dda4c91d081622607dd"
  solver-name = "gps-cdcl"
  solver-version = 1
